{
  "name": "@ghasemkiani/dox-cmn",
  "version": "2.0.0",
  "lockfileVersion": 2,
  "requires": true,
  "packages": {
    "": {
      "version": "2.0.0",
      "license": "MIT",
      "dependencies": {
        "@ghasemkiani/base": "github:ghasemkiani/base",
        "@ghasemkiani/dox": "github:ghasemkiani/dox",
        "@ghasemkiani/ling": "github:ghasemkiani/ling"
      }
    },
    "node_modules/@ghasemkiani/base": {
      "version": "3.2.0",
      "resolved": "git+ssh://git@github.com/ghasemkiani/base.git#396323d6a2a4b2a22bf5dc6a9d05e1b251f54cb6",
      "license": "MIT",
      "dependencies": {
        "mime-types": "^2.1.26"
      }
    },
    "node_modules/@ghasemkiani/base-utils": {
      "version": "2.0.0",
      "resolved": "git+ssh://git@github.com/ghasemkiani/base-utils.git#fcc7074496e1463f8d414a30d70931ab3eb87950",
      "license": "MIT",
      "dependencies": {
        "@ghasemkiani/base": "github:ghasemkiani/base"
      }
    },
    "node_modules/@ghasemkiani/dox": {
      "version": "2.0.2",
      "resolved": "git+ssh://git@github.com/ghasemkiani/dox.git#860eebd6ff094fc6ac6141cf013838a55c3200a9",
      "license": "MIT",
      "dependencies": {
        "@ghasemkiani/base": "github:ghasemkiani/base",
        "@ghasemkiani/base-utils": "github:ghasemkiani/base-utils",
        "@ghasemkiani/wdom": "github:ghasemkiani/wdom"
      }
    },
    "node_modules/@ghasemkiani/ling": {
      "version": "2.0.0",
      "resolved": "git+ssh://git@github.com/ghasemkiani/ling.git#c58a5e5a668a867aa654cc5f0df64a78ec2d6674",
      "license": "MIT",
      "dependencies": {
        "@ghasemkiani/base": "github:ghasemkiani/base"
      }
    },
    "node_modules/@ghasemkiani/wdom": {
      "version": "2.0.0",
      "resolved": "git+ssh://git@github.com/ghasemkiani/wdom.git#a2afa60b096619e03420b3e9ee367f4fea022786",
      "license": "MIT",
      "dependencies": {
        "@ghasemkiani/base": "github:ghasemkiani/base"
      }
    },
    "node_modules/mime-db": {
      "version": "1.49.0",
      "resolved": "https://registry.npmjs.org/mime-db/-/mime-db-1.49.0.tgz",
      "integrity": "sha512-CIc8j9URtOVApSFCQIF+VBkX1RwXp/oMMOrqdyXSBXq5RWNEsRfyj1kiRnQgmNXmHxPoFIxOroKA3zcU9P+nAA==",
      "engines": {
        "node": ">= 0.6"
      }
    },
    "node_modules/mime-types": {
      "version": "2.1.32",
      "resolved": "https://registry.npmjs.org/mime-types/-/mime-types-2.1.32.tgz",
      "integrity": "sha512-hJGaVS4G4c9TSMYh2n6SQAGrC4RnfU+daP8G7cSCmaqNjiOoUY0VHCMS42pxnQmVF1GWwFhbHWn3RIxCqTmZ9A==",
      "dependencies": {
        "mime-db": "1.49.0"
      },
      "engines": {
        "node": ">= 0.6"
      }
    }
  },
  "dependencies": {
    "@ghasemkiani/base": {
      "version": "git+ssh://git@github.com/ghasemkiani/base.git#396323d6a2a4b2a22bf5dc6a9d05e1b251f54cb6",
      "from": "@ghasemkiani/base@github:ghasemkiani/base",
      "requires": {
        "mime-types": "^2.1.26"
      }
    },
    "@ghasemkiani/base-utils": {
      "version": "git+ssh://git@github.com/ghasemkiani/base-utils.git#fcc7074496e1463f8d414a30d70931ab3eb87950",
      "from": "@ghasemkiani/base-utils@github:ghasemkiani/base-utils",
      "requires": {
        "@ghasemkiani/base": "github:ghasemkiani/base"
      }
    },
    "@ghasemkiani/dox": {
      "version": "git+ssh://git@github.com/ghasemkiani/dox.git#860eebd6ff094fc6ac6141cf013838a55c3200a9",
      "from": "@ghasemkiani/dox@github:ghasemkiani/dox",
      "requires": {
        "@ghasemkiani/base": "github:ghasemkiani/base",
        "@ghasemkiani/base-utils": "github:ghasemkiani/base-utils",
        "@ghasemkiani/wdom": "github:ghasemkiani/wdom"
      }
    },
    "@ghasemkiani/ling": {
      "version": "git+ssh://git@github.com/ghasemkiani/ling.git#c58a5e5a668a867aa654cc5f0df64a78ec2d6674",
      "from": "@ghasemkiani/ling@github:ghasemkiani/ling",
      "requires": {
        "@ghasemkiani/base": "github:ghasemkiani/base"
      }
    },
    "@ghasemkiani/wdom": {
      "version": "git+ssh://git@github.com/ghasemkiani/wdom.git#a2afa60b096619e03420b3e9ee367f4fea022786",
      "from": "@ghasemkiani/wdom@github:ghasemkiani/wdom",
      "requires": {
        "@ghasemkiani/base": "github:ghasemkiani/base"
      }
    },
    "mime-db": {
      "version": "1.49.0",
      "resolved": "https://registry.npmjs.org/mime-db/-/mime-db-1.49.0.tgz",
      "integrity": "sha512-CIc8j9URtOVApSFCQIF+VBkX1RwXp/oMMOrqdyXSBXq5RWNEsRfyj1kiRnQgmNXmHxPoFIxOroKA3zcU9P+nAA=="
    },
    "mime-types": {
      "version": "2.1.32",
      "resolved": "https://registry.npmjs.org/mime-types/-/mime-types-2.1.32.tgz",
      "integrity": "sha512-hJGaVS4G4c9TSMYh2n6SQAGrC4RnfU+daP8G7cSCmaqNjiOoUY0VHCMS42pxnQmVF1GWwFhbHWn3RIxCqTmZ9A==",
      "requires": {
        "mime-db": "1.49.0"
      }
    }
  }
}
